
Microsoft Visual Studio Solution File, Format Version 12.00
# Visual Studio Version 17
VisualStudioVersion = 17.4.33213.308
MinimumVisualStudioVersion = 10.0.40219.1
Project("{FAE04EC0-301F-11D3-BF4B-00C04F79EFBC}") = "LigaTestApp", "LigaTestApp\LigaTestApp.csproj", "{F6DBA794-A88E-4132-A399-4C742C4DD19D}"
EndProject
Global
	GlobalSection(SolutionConfigurationPlatforms) = preSolution
		Debug|Any CPU = Debug|Any CPU
		Release|Any CPU = Release|Any CPU
	EndGlobalSection
	GlobalSection(ProjectConfigurationPlatforms) = postSolution
		{F6DBA794-A88E-4132-A399-4C742C4DD19D}.Debug|Any CPU.ActiveCfg = Debug|Any CPU
		{F6DBA794-A88E-4132-A399-4C742C4DD19D}.Debug|Any CPU.Build.0 = Debug|Any CPU
		{F6DBA794-A88E-4132-A399-4C742C4DD19D}.Release|Any CPU.ActiveCfg = Release|Any CPU
		{F6DBA794-A88E-4132-A399-4C742C4DD19D}.Release|Any CPU.Build.0 = Release|Any CPU
	EndGlobalSection
	GlobalSection(SolutionProperties) = preSolution
		HideSolutionNode = FALSE
	EndGlobalSection
	GlobalSection(ExtensibilityGlobals) = postSolution
		SolutionGuid = {F3B37E34-FE50-46D7-853E-41CB57CBCF0C}
	EndGlobalSection
EndGlobal
